
Microsoft Visual Studio Solution File, Format Version 12.00
# Visual Studio Version 16
VisualStudioVersion = 16.0.30804.86
MinimumVisualStudioVersion = 10.0.40219.1
Project("{9A19103F-16F7-4668-BE54-9A1E7A4F7556}") = "TheSchool", "TheSchool\TheSchool.csproj", "{CE6C8AEB-7230-433C-A440-0F8DE37EDAD2}"
EndProject
Project("{9A19103F-16F7-4668-BE54-9A1E7A4F7556}") = "TheSchoolTests", "TheSchoolTests\TheSchoolTests.csproj", "{A2523BA5-53A7-4589-9631-53E0FC39328C}"
EndProject
Project("{9A19103F-16F7-4668-BE54-9A1E7A4F7556}") = "ImageSource", "ImageSource\ImageSource.csproj", "{04F67F5F-D242-44AF-8800-2083725C53E9}"
EndProject
Project("{00D1A9C2-B5F0-4AF3-8072-F6C62B433612}") = "WisperoDB", "WisperoDB\WisperoDB.sqlproj", "{92B6709F-D4F5-4B4A-9AE3-2BD03022A1B9}"
EndProject
Global
	GlobalSection(SolutionConfigurationPlatforms) = preSolution
		Debug|Any CPU = Debug|Any CPU
		Release|Any CPU = Release|Any CPU
	EndGlobalSection
	GlobalSection(ProjectConfigurationPlatforms) = postSolution
		{CE6C8AEB-7230-433C-A440-0F8DE37EDAD2}.Debug|Any CPU.ActiveCfg = Debug|Any CPU
		{CE6C8AEB-7230-433C-A440-0F8DE37EDAD2}.Debug|Any CPU.Build.0 = Debug|Any CPU
		{CE6C8AEB-7230-433C-A440-0F8DE37EDAD2}.Release|Any CPU.ActiveCfg = Release|Any CPU
		{CE6C8AEB-7230-433C-A440-0F8DE37EDAD2}.Release|Any CPU.Build.0 = Release|Any CPU
		{A2523BA5-53A7-4589-9631-53E0FC39328C}.Debug|Any CPU.ActiveCfg = Debug|Any CPU
		{A2523BA5-53A7-4589-9631-53E0FC39328C}.Debug|Any CPU.Build.0 = Debug|Any CPU
		{A2523BA5-53A7-4589-9631-53E0FC39328C}.Release|Any CPU.ActiveCfg = Release|Any CPU
		{A2523BA5-53A7-4589-9631-53E0FC39328C}.Release|Any CPU.Build.0 = Release|Any CPU
		{04F67F5F-D242-44AF-8800-2083725C53E9}.Debug|Any CPU.ActiveCfg = Debug|Any CPU
		{04F67F5F-D242-44AF-8800-2083725C53E9}.Debug|Any CPU.Build.0 = Debug|Any CPU
		{04F67F5F-D242-44AF-8800-2083725C53E9}.Release|Any CPU.ActiveCfg = Release|Any CPU
		{04F67F5F-D242-44AF-8800-2083725C53E9}.Release|Any CPU.Build.0 = Release|Any CPU
		{92B6709F-D4F5-4B4A-9AE3-2BD03022A1B9}.Debug|Any CPU.ActiveCfg = Debug|Any CPU
		{92B6709F-D4F5-4B4A-9AE3-2BD03022A1B9}.Debug|Any CPU.Build.0 = Debug|Any CPU
		{92B6709F-D4F5-4B4A-9AE3-2BD03022A1B9}.Debug|Any CPU.Deploy.0 = Debug|Any CPU
		{92B6709F-D4F5-4B4A-9AE3-2BD03022A1B9}.Release|Any CPU.ActiveCfg = Release|Any CPU
		{92B6709F-D4F5-4B4A-9AE3-2BD03022A1B9}.Release|Any CPU.Build.0 = Release|Any CPU
		{92B6709F-D4F5-4B4A-9AE3-2BD03022A1B9}.Release|Any CPU.Deploy.0 = Release|Any CPU
	EndGlobalSection
	GlobalSection(SolutionProperties) = preSolution
		HideSolutionNode = FALSE
	EndGlobalSection
	GlobalSection(ExtensibilityGlobals) = postSolution
		SolutionGuid = {4E319972-D0C2-46CA-A28C-E74F8DC0E5DB}
	EndGlobalSection
EndGlobal
